// !$*UTF8*$!
{
	archiveVersion = 1;
	classes = {
	};
	objectVersion = 56;
	objects = {

/* Begin PBXBuildFile section */
		A249AF3E29130F9E0070AEF6 /* AppDelegate.swift in Sources */ = {isa = PBXBuildFile; fileRef = A249AF3D29130F9E0070AEF6 /* AppDelegate.swift */; };
		A249AF4029130F9E0070AEF6 /* SceneDelegate.swift in Sources */ = {isa = PBXBuildFile; fileRef = A249AF3F29130F9E0070AEF6 /* SceneDelegate.swift */; };
		A249AF4229130F9E0070AEF6 /* TasklyViewController.swift in Sources */ = {isa = PBXBuildFile; fileRef = A249AF4129130F9E0070AEF6 /* TasklyViewController.swift */; };
		A249AF4529130F9E0070AEF6 /* Main.storyboard in Resources */ = {isa = PBXBuildFile; fileRef = A249AF4329130F9E0070AEF6 /* Main.storyboard */; };
		A249AF4729130F9F0070AEF6 /* Assets.xcassets in Resources */ = {isa = PBXBuildFile; fileRef = A249AF4629130F9F0070AEF6 /* Assets.xcassets */; };
		A249AF4A29130F9F0070AEF6 /* LaunchScreen.storyboard in Resources */ = {isa = PBXBuildFile; fileRef = A249AF4829130F9F0070AEF6 /* LaunchScreen.storyboard */; };
		A2B892AB29144B4E009F05F0 /* TaskylItem.swift in Sources */ = {isa = PBXBuildFile; fileRef = A2B892AA29144B4E009F05F0 /* TaskylItem.swift */; };
/* End PBXBuildFile section */

/* Begin PBXFileReference section */
		A249AF3A29130F9E0070AEF6 /* Taskly.app */ = {isa = PBXFileReference; explicitFileType = wrapper.application; includeInIndex = 0; path = Taskly.app; sourceTree = BUILT_PRODUCTS_DIR; };
		A249AF3D29130F9E0070AEF6 /* AppDelegate.swift */ = {isa = PBXFileReference; lastKnownFileType = sourcecode.swift; path = AppDelegate.swift; sourceTree = "<group>"; };
		A249AF3F29130F9E0070AEF6 /* SceneDelegate.swift */ = {isa = PBXFileReference; lastKnownFileType = sourcecode.swift; path = SceneDelegate.swift; sourceTree = "<group>"; };
		A249AF4129130F9E0070AEF6 /* TasklyViewController.swift */ = {isa = PBXFileReference; lastKnownFileType = sourcecode.swift; path = TasklyViewController.swift; sourceTree = "<group>"; };
		A249AF4429130F9E0070AEF6 /* Base */ = {isa = PBXFileReference; lastKnownFileType = file.storyboard; name = Base; path = Base.lproj/Main.storyboard; sourceTree = "<group>"; };
		A249AF4629130F9F0070AEF6 /* Assets.xcassets */ = {isa = PBXFileReference; lastKnownFileType = folder.assetcatalog; path = Assets.xcassets; sourceTree = "<group>"; };
		A249AF4929130F9F0070AEF6 /* Base */ = {isa = PBXFileReference; lastKnownFileType = file.storyboard; name = Base; path = Base.lproj/LaunchScreen.storyboard; sourceTree = "<group>"; };
		A249AF4B29130F9F0070AEF6 /* Info.plist */ = {isa = PBXFileReference; lastKnownFileType = text.plist.xml; path = Info.plist; sourceTree = "<group>"; };
		A2B892AA29144B4E009F05F0 /* TaskylItem.swift */ = {isa = PBXFileReference; lastKnownFileType = sourcecode.swift; path = TaskylItem.swift; sourceTree = "<group>"; };
/* End PBXFileReference section */

/* Begin PBXFrameworksBuildPhase section */
		A249AF3729130F9E0070AEF6 /* Frameworks */ = {
			isa = PBXFrameworksBuildPhase;
			buildActionMask = 2147483647;
			files = (
			);
			runOnlyForDeploymentPostprocessing = 0;
		};
/* End PBXFrameworksBuildPhase section */

/* Begin PBXGroup section */
		A249AF3129130F9E0070AEF6 = {
			isa = PBXGroup;
			children = (
				A249AF3C29130F9E0070AEF6 /* Taskly */,
				A249AF3B29130F9E0070AEF6 /* Products */,
			);
			sourceTree = "<group>";
		};
		A249AF3B29130F9E0070AEF6 /* Products */ = {
			isa = PBXGroup;
			children = (
				A249AF3A29130F9E0070AEF6 /* Taskly.app */,
			);
			name = Products;
			sourceTree = "<group>";
		};
		A249AF3C29130F9E0070AEF6 /* Taskly */ = {
			isa = PBXGroup;
			children = (
				A2B892AE29145561009F05F0 /* Resources */,
				A2B892AD2914550F009F05F0 /* Data Models */,
				A2B892AC29145502009F05F0 /* ViewControllers */,
				A249AF3D29130F9E0070AEF6 /* AppDelegate.swift */,
				A249AF3F29130F9E0070AEF6 /* SceneDelegate.swift */,
				A249AF4829130F9F0070AEF6 /* LaunchScreen.storyboard */,
				A249AF4B29130F9F0070AEF6 /* Info.plist */,
			);
			path = Taskly;
			sourceTree = "<group>";
		};
		A2B892AC29145502009F05F0 /* ViewControllers */ = {
			isa = PBXGroup;
			children = (
				A249AF4129130F9E0070AEF6 /* TasklyViewController.swift */,
			);
			path = ViewControllers;
			sourceTree = "<group>";
		};
		A2B892AD2914550F009F05F0 /* Data Models */ = {
			isa = PBXGroup;
			children = (
				A2B892AA29144B4E009F05F0 /* TaskylItem.swift */,
			);
			path = "Data Models";
			sourceTree = "<group>";
		};
		A2B892AE29145561009F05F0 /* Resources */ = {
			isa = PBXGroup;
			children = (
				A249AF4329130F9E0070AEF6 /* Main.storyboard */,
				A249AF4629130F9F0070AEF6 /* Assets.xcassets */,
			);
			path = Resources;
			sourceTree = "<group>";
		};
/* End PBXGroup section */

/* Begin PBXNativeTarget section */
		A249AF3929130F9E0070AEF6 /* Taskly */ = {
			isa = PBXNativeTarget;
			buildConfigurationList = A249AF4E29130F9F0070AEF6 /* Build configuration list for PBXNativeTarget "Taskly" */;
			buildPhases = (
				A249AF3629130F9E0070AEF6 /* Sources */,
				A249AF3729130F9E0070AEF6 /* Frameworks */,
				A249AF3829130F9E0070AEF6 /* Resources */,
			);
			buildRules = (
			);
			dependencies = (
			);
			name = Taskly;
			productName = Taskly;
			productReference = A249AF3A29130F9E0070AEF6 /* Taskly.app */;
			productType = "com.apple.product-type.application";
		};
/* End PBXNativeTarget section */

/* Begin PBXProject section */
		A249AF3229130F9E0070AEF6 /* Project object */ = {
			isa = PBXProject;
			attributes = {
				BuildIndependentTargetsInParallel = 1;
				LastSwiftUpdateCheck = 1400;
				LastUpgradeCheck = 1400;
				TargetAttributes = {
					A249AF3929130F9E0070AEF6 = {
						CreatedOnToolsVersion = 14.0.1;
					};
				};
			};
			buildConfigurationList = A249AF3529130F9E0070AEF6 /* Build configuration list for PBXProject "Taskly" */;
			compatibilityVersion = "Xcode 14.0";
			developmentRegion = en;
			hasScannedForEncodings = 0;
			knownRegions = (
				en,
				Base,
			);
			mainGroup = A249AF3129130F9E0070AEF6;
			productRefGroup = A249AF3B29130F9E0070AEF6 /* Products */;
			projectDirPath = "";
			projectRoot = "";
			targets = (
				A249AF3929130F9E0070AEF6 /* Taskly */,
			);
		};
/* End PBXProject section */

/* Begin PBXResourcesBuildPhase section */
		A249AF3829130F9E0070AEF6 /* Resources */ = {
			isa = PBXResourcesBuildPhase;
			buildActionMask = 2147483647;
			files = (
				A249AF4A29130F9F0070AEF6 /* LaunchScreen.storyboard in Resources */,
				A249AF4729130F9F0070AEF6 /* Assets.xcassets in Resources */,
				A249AF4529130F9E0070AEF6 /* Main.storyboard in Resources */,
			);
			runOnlyForDeploymentPostprocessing = 0;
		};
/* End PBXResourcesBuildPhase section */

/* Begin PBXSourcesBuildPhase section */
		A249AF3629130F9E0070AEF6 /* Sources */ = {
			isa = PBXSourcesBuildPhase;
			buildActionMask = 2147483647;
			files = (
				A249AF4229130F9E0070AEF6 /* TasklyViewController.swift in Sources */,
				A249AF3E29130F9E0070AEF6 /* AppDelegate.swift in Sources */,
				A2B892AB29144B4E009F05F0 /* TaskylItem.swift in Sources */,
				A249AF4029130F9E0070AEF6 /* SceneDelegate.swift in Sources */,
			);
			runOnlyForDeploymentPostprocessing = 0;
		};
/* End PBXSourcesBuildPhase section */

/* Begin PBXVariantGroup section */
		A249AF4329130F9E0070AEF6 /* Main.storyboard */ = {
			isa = PBXVariantGroup;
			children = (
				A249AF4429130F9E0070AEF6 /* Base */,
			);
			name = Main.storyboard;
			sourceTree = "<group>";
		};
		A249AF4829130F9F0070AEF6 /* LaunchScreen.storyboard */ = {
			isa = PBXVariantGroup;
			children = (
				A249AF4929130F9F0070AEF6 /* Base */,
			);
			name = LaunchScreen.storyboard;
			sourceTree = "<group>";
		};
/* End PBXVariantGroup section */

/* Begin XCBuildConfiguration section */
		A249AF4C29130F9F0070AEF6 /* Debug */ = {
			isa = XCBuildConfiguration;
			buildSettings = {
				ALWAYS_SEARCH_USER_PATHS = NO;
				CLANG_ANALYZER_NONNULL = YES;
				CLANG_ANALYZER_NUMBER_OBJECT_CONVERSION = YES_AGGRESSIVE;
				CLANG_CXX_LANGUAGE_STANDARD = "gnu++20";
				CLANG_ENABLE_MODULES = YES;
				CLANG_ENABLE_OBJC_ARC = YES;
				CLANG_ENABLE_OBJC_WEAK = YES;
				CLANG_WARN_BLOCK_CAPTURE_AUTORELEASING = YES;
				CLANG_WARN_BOOL_CONVERSION = YES;
				CLANG_WARN_COMMA = YES;
				CLANG_WARN_CONSTANT_CONVERSION = YES;
				CLANG_WARN_DEPRECATED_OBJC_IMPLEMENTATIONS = YES;
				CLANG_WARN_DIRECT_OBJC_ISA_USAGE = YES_ERROR;
				CLANG_WARN_DOCUMENTATION_COMMENTS = YES;
				CLANG_WARN_EMPTY_BODY = YES;
				CLANG_WARN_ENUM_CONVERSION = YES;
				CLANG_WARN_INFINITE_RECURSION = YES;
				CLANG_WARN_INT_CONVERSION = YES;
				CLANG_WARN_NON_LITERAL_NULL_CONVERSION = YES;
				CLANG_WARN_OBJC_IMPLICIT_RETAIN_SELF = YES;
				CLANG_WARN_OBJC_LITERAL_CONVERSION = YES;
				CLANG_WARN_OBJC_ROOT_CLASS = YES_ERROR;
				CLANG_WARN_QUOTED_INCLUDE_IN_FRAMEWORK_HEADER = YES;
				CLANG_WARN_RANGE_LOOP_ANALYSIS = YES;
				CLANG_WARN_STRICT_PROTOTYPES = YES;
				CLANG_WARN_SUSPICIOUS_MOVE = YES;
				CLANG_WARN_UNGUARDED_AVAILABILITY = YES_AGGRESSIVE;
				CLANG_WARN_UNREACHABLE_CODE = YES;
				CLANG_WARN__DUPLICATE_METHOD_MATCH = YES;
				COPY_PHASE_STRIP = NO;
				DEBUG_INFORMATION_FORMAT = dwarf;
				ENABLE_STRICT_OBJC_MSGSEND = YES;
				ENABLE_TESTABILITY = YES;
				GCC_C_LANGUAGE_STANDARD = gnu11;
				GCC_DYNAMIC_NO_PIC = NO;
				GCC_NO_COMMON_BLOCKS = YES;
				GCC_OPTIMIZATION_LEVEL = 0;
				GCC_PREPROCESSOR_DEFINITIONS = (
					"DEBUG=1",
					"$(inherited)",
				);
				GCC_WARN_64_TO_32_BIT_CONVERSION = YES;
				GCC_WARN_ABOUT_RETURN_TYPE = YES_ERROR;
				GCC_WARN_UNDECLARED_SELECTOR = YES;
				GCC_WARN_UNINITIALIZED_AUTOS = YES_AGGRESSIVE;
				GCC_WARN_UNUSED_FUNCTION = YES;
				GCC_WARN_UNUSED_VARIABLE = YES;
				IPHONEOS_DEPLOYMENT_TARGET = 16.0;
				MTL_ENABLE_DEBUG_INFO = INCLUDE_SOURCE;
				MTL_FAST_MATH = YES;
				ONLY_ACTIVE_ARCH = YES;
				SDKROOT = iphoneos;
				SWIFT_ACTIVE_COMPILATION_CONDITIONS = DEBUG;
				SWIFT_OPTIMIZATION_LEVEL = "-Onone";
			};
			name = Debug;
		};
		A249AF4D29130F9F0070AEF6 /* Release */ = {
			isa = XCBuildConfiguration;
			buildSettings = {
				ALWAYS_SEARCH_USER_PATHS = NO;
				CLANG_ANALYZER_NONNULL = YES;
				CLANG_ANALYZER_NUMBER_OBJECT_CONVERSION = YES_AGGRESSIVE;
				CLANG_CXX_LANGUAGE_STANDARD = "gnu++20";
				CLANG_ENABLE_MODULES = YES;
				CLANG_ENABLE_OBJC_ARC = YES;
				CLANG_ENABLE_OBJC_WEAK = YES;
				CLANG_WARN_BLOCK_CAPTURE_AUTORELEASING = YES;
				CLANG_WARN_BOOL_CONVERSION = YES;
				CLANG_WARN_COMMA = YES;
				CLANG_WARN_CONSTANT_CONVERSION = YES;
				CLANG_WARN_DEPRECATED_OBJC_IMPLEMENTATIONS = YES;
				CLANG_WARN_DIRECT_OBJC_ISA_USAGE = YES_ERROR;
				CLANG_WARN_DOCUMENTATION_COMMENTS = YES;
				CLANG_WARN_EMPTY_BODY = YES;
				CLANG_WARN_ENUM_CONVERSION = YES;
				CLANG_WARN_INFINITE_RECURSION = YES;
				CLANG_WARN_INT_CONVERSION = YES;
				CLANG_WARN_NON_LITERAL_NULL_CONVERSION = YES;
				CLANG_WARN_OBJC_IMPLICIT_RETAIN_SELF = YES;
				CLANG_WARN_OBJC_LITERAL_CONVERSION = YES;
				CLANG_WARN_OBJC_ROOT_CLASS = YES_ERROR;
				CLANG_WARN_QUOTED_INCLUDE_IN_FRAMEWORK_HEADER = YES;
				CLANG_WARN_RANGE_LOOP_ANALYSIS = YES;
				CLANG_WARN_STRICT_PROTOTYPES = YES;
				CLANG_WARN_SUSPICIOUS_MOVE = YES;
				CLANG_WARN_UNGUARDED_AVAILABILITY = YES_AGGRESSIVE;
				CLANG_WARN_UNREACHABLE_CODE = YES;
				CLANG_WARN__DUPLICATE_METHOD_MATCH = YES;
				COPY_PHASE_STRIP = NO;
				DEBUG_INFORMATION_FORMAT = "dwarf-with-dsym";
				ENABLE_NS_ASSERTIONS = NO;
				ENABLE_STRICT_OBJC_MSGSEND = YES;
				GCC_C_LANGUAGE_STANDARD = gnu11;
				GCC_NO_COMMON_BLOCKS = YES;
				GCC_WARN_64_TO_32_BIT_CONVERSION = YES;
				GCC_WARN_ABOUT_RETURN_TYPE = YES_ERROR;
				GCC_WARN_UNDECLARED_SELECTOR = YES;
				GCC_WARN_UNINITIALIZED_AUTOS = YES_AGGRESSIVE;
				GCC_WARN_UNUSED_FUNCTION = YES;
				GCC_WARN_UNUSED_VARIABLE = YES;
				IPHONEOS_DEPLOYMENT_TARGET = 16.0;
				MTL_ENABLE_DEBUG_INFO = NO;
				MTL_FAST_MATH = YES;
				SDKROOT = iphoneos;
				SWIFT_COMPILATION_MODE = wholemodule;
				SWIFT_OPTIMIZATION_LEVEL = "-O";
				VALIDATE_PRODUCT = YES;
			};
			name = Release;
		};
		A249AF4F29130F9F0070AEF6 /* Debug */ = {
			isa = XCBuildConfiguration;
			buildSettings = {
				ASSETCATALOG_COMPILER_APPICON_NAME = AppIcon;
				ASSETCATALOG_COMPILER_GLOBAL_ACCENT_COLOR_NAME = AccentColor;
				CODE_SIGN_STYLE = Automatic;
				CURRENT_PROJECT_VERSION = 1;
				DEVELOPMENT_TEAM = 79CS75S5DL;
				GENERATE_INFOPLIST_FILE = YES;
				INFOPLIST_FILE = Taskly/Info.plist;
				INFOPLIST_KEY_UIApplicationSupportsIndirectInputEvents = YES;
				INFOPLIST_KEY_UILaunchStoryboardName = LaunchScreen;
				INFOPLIST_KEY_UIMainStoryboardFile = Main;
				INFOPLIST_KEY_UISupportedInterfaceOrientations = UIInterfaceOrientationPortrait;
				INFOPLIST_KEY_UISupportedInterfaceOrientations_iPad = "UIInterfaceOrientationLandscapeLeft UIInterfaceOrientationLandscapeRight UIInterfaceOrientationPortrait UIInterfaceOrientationPortraitUpsideDown";
				IPHONEOS_DEPLOYMENT_TARGET = 13.0;
				LD_RUNPATH_SEARCH_PATHS = (
					"$(inherited)",
					"@executable_path/Frameworks",
				);
				MARKETING_VERSION = 1.0;
				PRODUCT_BUNDLE_IDENTIFIER = com.celilcagataygedik.Taskly;
				PRODUCT_NAME = "$(TARGET_NAME)";
				SUPPORTED_PLATFORMS = "iphoneos iphonesimulator";
				SUPPORTS_MACCATALYST = NO;
				SUPPORTS_MAC_DESIGNED_FOR_IPHONE_IPAD = NO;
				SWIFT_EMIT_LOC_STRINGS = YES;
				SWIFT_VERSION = 5.0;
				TARGETED_DEVICE_FAMILY = 1;
			};
			name = Debug;
		};
		A249AF5029130F9F0070AEF6 /* Release */ = {
			isa = XCBuildConfiguration;
			buildSettings = {
				ASSETCATALOG_COMPILER_APPICON_NAME = AppIcon;
				ASSETCATALOG_COMPILER_GLOBAL_ACCENT_COLOR_NAME = AccentColor;
				CODE_SIGN_STYLE = Automatic;
				CURRENT_PROJECT_VERSION = 1;
				DEVELOPMENT_TEAM = 79CS75S5DL;
				GENERATE_INFOPLIST_FILE = YES;
				INFOPLIST_FILE = Taskly/Info.plist;
				INFOPLIST_KEY_UIApplicationSupportsIndirectInputEvents = YES;
				INFOPLIST_KEY_UILaunchStoryboardName = LaunchScreen;
				INFOPLIST_KEY_UIMainStoryboardFile = Main;
				INFOPLIST_KEY_UISupportedInterfaceOrientations = UIInterfaceOrientationPortrait;
				INFOPLIST_KEY_UISupportedInterfaceOrientations_iPad = "UIInterfaceOrientationLandscapeLeft UIInterfaceOrientationLandscapeRight UIInterfaceOrientationPortrait UIInterfaceOrientationPortraitUpsideDown";
				IPHONEOS_DEPLOYMENT_TARGET = 13.0;
				LD_RUNPATH_SEARCH_PATHS = (
					"$(inherited)",
					"@executable_path/Frameworks",
				);
				MARKETING_VERSION = 1.0;
				PRODUCT_BUNDLE_IDENTIFIER = com.celilcagataygedik.Taskly;
				PRODUCT_NAME = "$(TARGET_NAME)";
				SUPPORTED_PLATFORMS = "iphoneos iphonesimulator";
				SUPPORTS_MACCATALYST = NO;
				SUPPORTS_MAC_DESIGNED_FOR_IPHONE_IPAD = NO;
				SWIFT_EMIT_LOC_STRINGS = YES;
				SWIFT_VERSION = 5.0;
				TARGETED_DEVICE_FAMILY = 1;
			};
			name = Release;
		};
/* End XCBuildConfiguration section */

/* Begin XCConfigurationList section */
		A249AF3529130F9E0070AEF6 /* Build configuration list for PBXProject "Taskly" */ = {
			isa = XCConfigurationList;
			buildConfigurations = (
				A249AF4C29130F9F0070AEF6 /* Debug */,
				A249AF4D29130F9F0070AEF6 /* Release */,
			);
			defaultConfigurationIsVisible = 0;
			defaultConfigurationName = Release;
		};
		A249AF4E29130F9F0070AEF6 /* Build configuration list for PBXNativeTarget "Taskly" */ = {
			isa = XCConfigurationList;
			buildConfigurations = (
				A249AF4F29130F9F0070AEF6 /* Debug */,
				A249AF5029130F9F0070AEF6 /* Release */,
			);
			defaultConfigurationIsVisible = 0;
			defaultConfigurationName = Release;
		};
/* End XCConfigurationList section */
	};
	rootObject = A249AF3229130F9E0070AEF6 /* Project object */;
}
